// !$*UTF8*$!
{
	archiveVersion = 1;
	classes = {
	};
	objectVersion = 50;
	objects = {

/* Begin PBXBuildFile section */
		CDD13FE5250BB7740096D5D5 /* AppDelegate.swift in Sources */ = {isa = PBXBuildFile; fileRef = CDD13FE4250BB7740096D5D5 /* AppDelegate.swift */; };
		CDD13FE9250BB7740096D5D5 /* ViewController.swift in Sources */ = {isa = PBXBuildFile; fileRef = CDD13FE8250BB7740096D5D5 /* ViewController.swift */; };
		CDD13FEC250BB7740096D5D5 /* Main.storyboard in Resources */ = {isa = PBXBuildFile; fileRef = CDD13FEA250BB7740096D5D5 /* Main.storyboard */; };
		CDD13FEE250BB7780096D5D5 /* Assets.xcassets in Resources */ = {isa = PBXBuildFile; fileRef = CDD13FED250BB7780096D5D5 /* Assets.xcassets */; };
		CDD13FF1250BB7780096D5D5 /* LaunchScreen.storyboard in Resources */ = {isa = PBXBuildFile; fileRef = CDD13FEF250BB7780096D5D5 /* LaunchScreen.storyboard */; };
		CDD13FFA250BB7C80096D5D5 /* ArticleProtocols.swift in Sources */ = {isa = PBXBuildFile; fileRef = CDD13FF9250BB7C80096D5D5 /* ArticleProtocols.swift */; };
		CDD14001250BBBAC0096D5D5 /* ArticleModel.swift in Sources */ = {isa = PBXBuildFile; fileRef = CDD14000250BBBAC0096D5D5 /* ArticleModel.swift */; };
		CDD14003250BBED70096D5D5 /* ArticleRouter.swift in Sources */ = {isa = PBXBuildFile; fileRef = CDD14002250BBED70096D5D5 /* ArticleRouter.swift */; };
		CDD14005250BC5F60096D5D5 /* ArticlePresenter.swift in Sources */ = {isa = PBXBuildFile; fileRef = CDD14004250BC5F60096D5D5 /* ArticlePresenter.swift */; };
		CDD14007250BC6820096D5D5 /* ArticleInteractor.swift in Sources */ = {isa = PBXBuildFile; fileRef = CDD14006250BC6820096D5D5 /* ArticleInteractor.swift */; };
		CDD14009250BD1390096D5D5 /* WebService.swift in Sources */ = {isa = PBXBuildFile; fileRef = CDD14008250BD1390096D5D5 /* WebService.swift */; };
		CDD1400B250BD5730096D5D5 /* TableViewCell.swift in Sources */ = {isa = PBXBuildFile; fileRef = CDD1400A250BD5730096D5D5 /* TableViewCell.swift */; };
/* End PBXBuildFile section */

/* Begin PBXFileReference section */
		CDD13FE1250BB7740096D5D5 /* ejemploViper.app */ = {isa = PBXFileReference; explicitFileType = wrapper.application; includeInIndex = 0; path = ejemploViper.app; sourceTree = BUILT_PRODUCTS_DIR; };
		CDD13FE4250BB7740096D5D5 /* AppDelegate.swift */ = {isa = PBXFileReference; lastKnownFileType = sourcecode.swift; path = AppDelegate.swift; sourceTree = "<group>"; };
		CDD13FE8250BB7740096D5D5 /* ViewController.swift */ = {isa = PBXFileReference; lastKnownFileType = sourcecode.swift; path = ViewController.swift; sourceTree = "<group>"; };
		CDD13FEB250BB7740096D5D5 /* Base */ = {isa = PBXFileReference; lastKnownFileType = file.storyboard; name = Base; path = Base.lproj/Main.storyboard; sourceTree = "<group>"; };
		CDD13FED250BB7780096D5D5 /* Assets.xcassets */ = {isa = PBXFileReference; lastKnownFileType = folder.assetcatalog; path = Assets.xcassets; sourceTree = "<group>"; };
		CDD13FF0250BB7780096D5D5 /* Base */ = {isa = PBXFileReference; lastKnownFileType = file.storyboard; name = Base; path = Base.lproj/LaunchScreen.storyboard; sourceTree = "<group>"; };
		CDD13FF2250BB7780096D5D5 /* Info.plist */ = {isa = PBXFileReference; lastKnownFileType = text.plist.xml; path = Info.plist; sourceTree = "<group>"; };
		CDD13FF9250BB7C80096D5D5 /* ArticleProtocols.swift */ = {isa = PBXFileReference; lastKnownFileType = sourcecode.swift; path = ArticleProtocols.swift; sourceTree = "<group>"; };
		CDD14000250BBBAC0096D5D5 /* ArticleModel.swift */ = {isa = PBXFileReference; lastKnownFileType = sourcecode.swift; path = ArticleModel.swift; sourceTree = "<group>"; };
		CDD14002250BBED70096D5D5 /* ArticleRouter.swift */ = {isa = PBXFileReference; lastKnownFileType = sourcecode.swift; path = ArticleRouter.swift; sourceTree = "<group>"; };
		CDD14004250BC5F60096D5D5 /* ArticlePresenter.swift */ = {isa = PBXFileReference; lastKnownFileType = sourcecode.swift; path = ArticlePresenter.swift; sourceTree = "<group>"; };
		CDD14006250BC6820096D5D5 /* ArticleInteractor.swift */ = {isa = PBXFileReference; lastKnownFileType = sourcecode.swift; path = ArticleInteractor.swift; sourceTree = "<group>"; };
		CDD14008250BD1390096D5D5 /* WebService.swift */ = {isa = PBXFileReference; lastKnownFileType = sourcecode.swift; path = WebService.swift; sourceTree = "<group>"; };
		CDD1400A250BD5730096D5D5 /* TableViewCell.swift */ = {isa = PBXFileReference; lastKnownFileType = sourcecode.swift; path = TableViewCell.swift; sourceTree = "<group>"; };
/* End PBXFileReference section */

/* Begin PBXFrameworksBuildPhase section */
		CDD13FDE250BB7740096D5D5 /* Frameworks */ = {
			isa = PBXFrameworksBuildPhase;
			buildActionMask = 2147483647;
			files = (
			);
			runOnlyForDeploymentPostprocessing = 0;
		};
/* End PBXFrameworksBuildPhase section */

/* Begin PBXGroup section */
		CDD13FD8250BB7740096D5D5 = {
			isa = PBXGroup;
			children = (
				CDD13FE3250BB7740096D5D5 /* ejemploViper */,
				CDD13FE2250BB7740096D5D5 /* Products */,
			);
			sourceTree = "<group>";
		};
		CDD13FE2250BB7740096D5D5 /* Products */ = {
			isa = PBXGroup;
			children = (
				CDD13FE1250BB7740096D5D5 /* ejemploViper.app */,
			);
			name = Products;
			sourceTree = "<group>";
		};
		CDD13FE3250BB7740096D5D5 /* ejemploViper */ = {
			isa = PBXGroup;
			children = (
				CDD13FFB250BB7D10096D5D5 /* View */,
				CDD13FFC250BB7DC0096D5D5 /* Interactor */,
				CDD13FFD250BB7ED0096D5D5 /* Presenter */,
				CDD13FFE250BB7FB0096D5D5 /* Entity */,
				CDD13FFF250BB8060096D5D5 /* Router */,
				CDD13FF8250BB78F0096D5D5 /* Protocolos */,
				CDD13FE4250BB7740096D5D5 /* AppDelegate.swift */,
				CDD14008250BD1390096D5D5 /* WebService.swift */,
				CDD13FEA250BB7740096D5D5 /* Main.storyboard */,
				CDD13FED250BB7780096D5D5 /* Assets.xcassets */,
				CDD13FEF250BB7780096D5D5 /* LaunchScreen.storyboard */,
				CDD13FF2250BB7780096D5D5 /* Info.plist */,
			);
			path = ejemploViper;
			sourceTree = "<group>";
		};
		CDD13FF8250BB78F0096D5D5 /* Protocolos */ = {
			isa = PBXGroup;
			children = (
				CDD13FF9250BB7C80096D5D5 /* ArticleProtocols.swift */,
			);
			name = Protocolos;
			sourceTree = "<group>";
		};
		CDD13FFB250BB7D10096D5D5 /* View */ = {
			isa = PBXGroup;
			children = (
				CDD13FE8250BB7740096D5D5 /* ViewController.swift */,
				CDD1400A250BD5730096D5D5 /* TableViewCell.swift */,
			);
			path = View;
			sourceTree = "<group>";
		};
		CDD13FFC250BB7DC0096D5D5 /* Interactor */ = {
			isa = PBXGroup;
			children = (
				CDD14006250BC6820096D5D5 /* ArticleInteractor.swift */,
			);
			name = Interactor;
			sourceTree = "<group>";
		};
		CDD13FFD250BB7ED0096D5D5 /* Presenter */ = {
			isa = PBXGroup;
			children = (
				CDD14004250BC5F60096D5D5 /* ArticlePresenter.swift */,
			);
			path = Presenter;
			sourceTree = "<group>";
		};
		CDD13FFE250BB7FB0096D5D5 /* Entity */ = {
			isa = PBXGroup;
			children = (
				CDD14000250BBBAC0096D5D5 /* ArticleModel.swift */,
			);
			name = Entity;
			sourceTree = "<group>";
		};
		CDD13FFF250BB8060096D5D5 /* Router */ = {
			isa = PBXGroup;
			children = (
				CDD14002250BBED70096D5D5 /* ArticleRouter.swift */,
			);
			path = Router;
			sourceTree = "<group>";
		};
/* End PBXGroup section */

/* Begin PBXNativeTarget section */
		CDD13FE0250BB7740096D5D5 /* ejemploViper */ = {
			isa = PBXNativeTarget;
			buildConfigurationList = CDD13FF5250BB7780096D5D5 /* Build configuration list for PBXNativeTarget "ejemploViper" */;
			buildPhases = (
				CDD13FDD250BB7740096D5D5 /* Sources */,
				CDD13FDE250BB7740096D5D5 /* Frameworks */,
				CDD13FDF250BB7740096D5D5 /* Resources */,
			);
			buildRules = (
			);
			dependencies = (
			);
			name = ejemploViper;
			productName = ejemploViper;
			productReference = CDD13FE1250BB7740096D5D5 /* ejemploViper.app */;
			productType = "com.apple.product-type.application";
		};
/* End PBXNativeTarget section */

/* Begin PBXProject section */
		CDD13FD9250BB7740096D5D5 /* Project object */ = {
			isa = PBXProject;
			attributes = {
				LastSwiftUpdateCheck = 1170;
				LastUpgradeCheck = 1170;
				ORGANIZATIONNAME = "Salvador Lopez";
				TargetAttributes = {
					CDD13FE0250BB7740096D5D5 = {
						CreatedOnToolsVersion = 11.7;
					};
				};
			};
			buildConfigurationList = CDD13FDC250BB7740096D5D5 /* Build configuration list for PBXProject "ejemploViper" */;
			compatibilityVersion = "Xcode 9.3";
			developmentRegion = en;
			hasScannedForEncodings = 0;
			knownRegions = (
				en,
				Base,
			);
			mainGroup = CDD13FD8250BB7740096D5D5;
			productRefGroup = CDD13FE2250BB7740096D5D5 /* Products */;
			projectDirPath = "";
			projectRoot = "";
			targets = (
				CDD13FE0250BB7740096D5D5 /* ejemploViper */,
			);
		};
/* End PBXProject section */

/* Begin PBXResourcesBuildPhase section */
		CDD13FDF250BB7740096D5D5 /* Resources */ = {
			isa = PBXResourcesBuildPhase;
			buildActionMask = 2147483647;
			files = (
				CDD13FF1250BB7780096D5D5 /* LaunchScreen.storyboard in Resources */,
				CDD13FEE250BB7780096D5D5 /* Assets.xcassets in Resources */,
				CDD13FEC250BB7740096D5D5 /* Main.storyboard in Resources */,
			);
			runOnlyForDeploymentPostprocessing = 0;
		};
/* End PBXResourcesBuildPhase section */

/* Begin PBXSourcesBuildPhase section */
		CDD13FDD250BB7740096D5D5 /* Sources */ = {
			isa = PBXSourcesBuildPhase;
			buildActionMask = 2147483647;
			files = (
				CDD13FE9250BB7740096D5D5 /* ViewController.swift in Sources */,
				CDD14001250BBBAC0096D5D5 /* ArticleModel.swift in Sources */,
				CDD14009250BD1390096D5D5 /* WebService.swift in Sources */,
				CDD1400B250BD5730096D5D5 /* TableViewCell.swift in Sources */,
				CDD13FE5250BB7740096D5D5 /* AppDelegate.swift in Sources */,
				CDD14005250BC5F60096D5D5 /* ArticlePresenter.swift in Sources */,
				CDD13FFA250BB7C80096D5D5 /* ArticleProtocols.swift in Sources */,
				CDD14007250BC6820096D5D5 /* ArticleInteractor.swift in Sources */,
				CDD14003250BBED70096D5D5 /* ArticleRouter.swift in Sources */,
			);
			runOnlyForDeploymentPostprocessing = 0;
		};
/* End PBXSourcesBuildPhase section */

/* Begin PBXVariantGroup section */
		CDD13FEA250BB7740096D5D5 /* Main.storyboard */ = {
			isa = PBXVariantGroup;
			children = (
				CDD13FEB250BB7740096D5D5 /* Base */,
			);
			name = Main.storyboard;
			sourceTree = "<group>";
		};
		CDD13FEF250BB7780096D5D5 /* LaunchScreen.storyboard */ = {
			isa = PBXVariantGroup;
			children = (
				CDD13FF0250BB7780096D5D5 /* Base */,
			);
			name = LaunchScreen.storyboard;
			sourceTree = "<group>";
		};
/* End PBXVariantGroup section */

/* Begin XCBuildConfiguration section */
		CDD13FF3250BB7780096D5D5 /* Debug */ = {
			isa = XCBuildConfiguration;
			buildSettings = {
				ALWAYS_SEARCH_USER_PATHS = NO;
				CLANG_ANALYZER_NONNULL = YES;
				CLANG_ANALYZER_NUMBER_OBJECT_CONVERSION = YES_AGGRESSIVE;
				CLANG_CXX_LANGUAGE_STANDARD = "gnu++14";
				CLANG_CXX_LIBRARY = "libc++";
				CLANG_ENABLE_MODULES = YES;
				CLANG_ENABLE_OBJC_ARC = YES;
				CLANG_ENABLE_OBJC_WEAK = YES;
				CLANG_WARN_BLOCK_CAPTURE_AUTORELEASING = YES;
				CLANG_WARN_BOOL_CONVERSION = YES;
				CLANG_WARN_COMMA = YES;
				CLANG_WARN_CONSTANT_CONVERSION = YES;
				CLANG_WARN_DEPRECATED_OBJC_IMPLEMENTATIONS = YES;
				CLANG_WARN_DIRECT_OBJC_ISA_USAGE = YES_ERROR;
				CLANG_WARN_DOCUMENTATION_COMMENTS = YES;
				CLANG_WARN_EMPTY_BODY = YES;
				CLANG_WARN_ENUM_CONVERSION = YES;
				CLANG_WARN_INFINITE_RECURSION = YES;
				CLANG_WARN_INT_CONVERSION = YES;
				CLANG_WARN_NON_LITERAL_NULL_CONVERSION = YES;
				CLANG_WARN_OBJC_IMPLICIT_RETAIN_SELF = YES;
				CLANG_WARN_OBJC_LITERAL_CONVERSION = YES;
				CLANG_WARN_OBJC_ROOT_CLASS = YES_ERROR;
				CLANG_WARN_RANGE_LOOP_ANALYSIS = YES;
				CLANG_WARN_STRICT_PROTOTYPES = YES;
				CLANG_WARN_SUSPICIOUS_MOVE = YES;
				CLANG_WARN_UNGUARDED_AVAILABILITY = YES_AGGRESSIVE;
				CLANG_WARN_UNREACHABLE_CODE = YES;
				CLANG_WARN__DUPLICATE_METHOD_MATCH = YES;
				COPY_PHASE_STRIP = NO;
				DEBUG_INFORMATION_FORMAT = dwarf;
				ENABLE_STRICT_OBJC_MSGSEND = YES;
				ENABLE_TESTABILITY = YES;
				GCC_C_LANGUAGE_STANDARD = gnu11;
				GCC_DYNAMIC_NO_PIC = NO;
				GCC_NO_COMMON_BLOCKS = YES;
				GCC_OPTIMIZATION_LEVEL = 0;
				GCC_PREPROCESSOR_DEFINITIONS = (
					"DEBUG=1",
					"$(inherited)",
				);
				GCC_WARN_64_TO_32_BIT_CONVERSION = YES;
				GCC_WARN_ABOUT_RETURN_TYPE = YES_ERROR;
				GCC_WARN_UNDECLARED_SELECTOR = YES;
				GCC_WARN_UNINITIALIZED_AUTOS = YES_AGGRESSIVE;
				GCC_WARN_UNUSED_FUNCTION = YES;
				GCC_WARN_UNUSED_VARIABLE = YES;
				IPHONEOS_DEPLOYMENT_TARGET = 13.7;
				MTL_ENABLE_DEBUG_INFO = INCLUDE_SOURCE;
				MTL_FAST_MATH = YES;
				ONLY_ACTIVE_ARCH = YES;
				SDKROOT = iphoneos;
				SWIFT_ACTIVE_COMPILATION_CONDITIONS = DEBUG;
				SWIFT_OPTIMIZATION_LEVEL = "-Onone";
			};
			name = Debug;
		};
		CDD13FF4250BB7780096D5D5 /* Release */ = {
			isa = XCBuildConfiguration;
			buildSettings = {
				ALWAYS_SEARCH_USER_PATHS = NO;
				CLANG_ANALYZER_NONNULL = YES;
				CLANG_ANALYZER_NUMBER_OBJECT_CONVERSION = YES_AGGRESSIVE;
				CLANG_CXX_LANGUAGE_STANDARD = "gnu++14";
				CLANG_CXX_LIBRARY = "libc++";
				CLANG_ENABLE_MODULES = YES;
				CLANG_ENABLE_OBJC_ARC = YES;
				CLANG_ENABLE_OBJC_WEAK = YES;
				CLANG_WARN_BLOCK_CAPTURE_AUTORELEASING = YES;
				CLANG_WARN_BOOL_CONVERSION = YES;
				CLANG_WARN_COMMA = YES;
				CLANG_WARN_CONSTANT_CONVERSION = YES;
				CLANG_WARN_DEPRECATED_OBJC_IMPLEMENTATIONS = YES;
				CLANG_WARN_DIRECT_OBJC_ISA_USAGE = YES_ERROR;
				CLANG_WARN_DOCUMENTATION_COMMENTS = YES;
				CLANG_WARN_EMPTY_BODY = YES;
				CLANG_WARN_ENUM_CONVERSION = YES;
				CLANG_WARN_INFINITE_RECURSION = YES;
				CLANG_WARN_INT_CONVERSION = YES;
				CLANG_WARN_NON_LITERAL_NULL_CONVERSION = YES;
				CLANG_WARN_OBJC_IMPLICIT_RETAIN_SELF = YES;
				CLANG_WARN_OBJC_LITERAL_CONVERSION = YES;
				CLANG_WARN_OBJC_ROOT_CLASS = YES_ERROR;
				CLANG_WARN_RANGE_LOOP_ANALYSIS = YES;
				CLANG_WARN_STRICT_PROTOTYPES = YES;
				CLANG_WARN_SUSPICIOUS_MOVE = YES;
				CLANG_WARN_UNGUARDED_AVAILABILITY = YES_AGGRESSIVE;
				CLANG_WARN_UNREACHABLE_CODE = YES;
				CLANG_WARN__DUPLICATE_METHOD_MATCH = YES;
				COPY_PHASE_STRIP = NO;
				DEBUG_INFORMATION_FORMAT = "dwarf-with-dsym";
				ENABLE_NS_ASSERTIONS = NO;
				ENABLE_STRICT_OBJC_MSGSEND = YES;
				GCC_C_LANGUAGE_STANDARD = gnu11;
				GCC_NO_COMMON_BLOCKS = YES;
				GCC_WARN_64_TO_32_BIT_CONVERSION = YES;
				GCC_WARN_ABOUT_RETURN_TYPE = YES_ERROR;
				GCC_WARN_UNDECLARED_SELECTOR = YES;
				GCC_WARN_UNINITIALIZED_AUTOS = YES_AGGRESSIVE;
				GCC_WARN_UNUSED_FUNCTION = YES;
				GCC_WARN_UNUSED_VARIABLE = YES;
				IPHONEOS_DEPLOYMENT_TARGET = 13.7;
				MTL_ENABLE_DEBUG_INFO = NO;
				MTL_FAST_MATH = YES;
				SDKROOT = iphoneos;
				SWIFT_COMPILATION_MODE = wholemodule;
				SWIFT_OPTIMIZATION_LEVEL = "-O";
				VALIDATE_PRODUCT = YES;
			};
			name = Release;
		};
		CDD13FF6250BB7780096D5D5 /* Debug */ = {
			isa = XCBuildConfiguration;
			buildSettings = {
				ASSETCATALOG_COMPILER_APPICON_NAME = AppIcon;
				CODE_SIGN_STYLE = Automatic;
				DEVELOPMENT_TEAM = FNTB26538C;
				INFOPLIST_FILE = ejemploViper/Info.plist;
				LD_RUNPATH_SEARCH_PATHS = (
					"$(inherited)",
					"@executable_path/Frameworks",
				);
				PRODUCT_BUNDLE_IDENTIFIER = com.develogeeks.ejemploViper;
				PRODUCT_NAME = "$(TARGET_NAME)";
				SWIFT_VERSION = 5.0;
				TARGETED_DEVICE_FAMILY = "1,2";
			};
			name = Debug;
		};
		CDD13FF7250BB7780096D5D5 /* Release */ = {
			isa = XCBuildConfiguration;
			buildSettings = {
				ASSETCATALOG_COMPILER_APPICON_NAME = AppIcon;
				CODE_SIGN_STYLE = Automatic;
				DEVELOPMENT_TEAM = FNTB26538C;
				INFOPLIST_FILE = ejemploViper/Info.plist;
				LD_RUNPATH_SEARCH_PATHS = (
					"$(inherited)",
					"@executable_path/Frameworks",
				);
				PRODUCT_BUNDLE_IDENTIFIER = com.develogeeks.ejemploViper;
				PRODUCT_NAME = "$(TARGET_NAME)";
				SWIFT_VERSION = 5.0;
				TARGETED_DEVICE_FAMILY = "1,2";
			};
			name = Release;
		};
/* End XCBuildConfiguration section */

/* Begin XCConfigurationList section */
		CDD13FDC250BB7740096D5D5 /* Build configuration list for PBXProject "ejemploViper" */ = {
			isa = XCConfigurationList;
			buildConfigurations = (
				CDD13FF3250BB7780096D5D5 /* Debug */,
				CDD13FF4250BB7780096D5D5 /* Release */,
			);
			defaultConfigurationIsVisible = 0;
			defaultConfigurationName = Release;
		};
		CDD13FF5250BB7780096D5D5 /* Build configuration list for PBXNativeTarget "ejemploViper" */ = {
			isa = XCConfigurationList;
			buildConfigurations = (
				CDD13FF6250BB7780096D5D5 /* Debug */,
				CDD13FF7250BB7780096D5D5 /* Release */,
			);
			defaultConfigurationIsVisible = 0;
			defaultConfigurationName = Release;
		};
/* End XCConfigurationList section */
	};
	rootObject = CDD13FD9250BB7740096D5D5 /* Project object */;
}
